
Microsoft Visual Studio Solution File, Format Version 12.00
# Visual Studio Version 16
VisualStudioVersion = 16.0.31019.35
MinimumVisualStudioVersion = 10.0.40219.1
Project("{FAE04EC0-301F-11D3-BF4B-00C04F79EFBC}") = "ADBInstaller", "ADBInstaller\ADBInstaller.csproj", "{15D84154-A50C-4A35-B372-799479396FF2}"
EndProject
Global
	GlobalSection(SolutionConfigurationPlatforms) = preSolution
		Debug|Any CPU = Debug|Any CPU
		Release|Any CPU = Release|Any CPU
	EndGlobalSection
	GlobalSection(ProjectConfigurationPlatforms) = postSolution
		{15D84154-A50C-4A35-B372-799479396FF2}.Debug|Any CPU.ActiveCfg = Debug|Any CPU
		{15D84154-A50C-4A35-B372-799479396FF2}.Debug|Any CPU.Build.0 = Debug|Any CPU
		{15D84154-A50C-4A35-B372-799479396FF2}.Release|Any CPU.ActiveCfg = Release|Any CPU
		{15D84154-A50C-4A35-B372-799479396FF2}.Release|Any CPU.Build.0 = Release|Any CPU
	EndGlobalSection
	GlobalSection(SolutionProperties) = preSolution
		HideSolutionNode = FALSE
	EndGlobalSection
	GlobalSection(ExtensibilityGlobals) = postSolution
		SolutionGuid = {20E17380-5827-4531-901A-CE2D8AB39A52}
	EndGlobalSection
EndGlobal
